
Microsoft Visual Studio Solution File, Format Version 12.00
# Visual Studio Version 17
VisualStudioVersion = 17.9.34728.123
MinimumVisualStudioVersion = 10.0.40219.1
Project("{FAE04EC0-301F-11D3-BF4B-00C04F79EFBC}") = "LOGIN", "LOGIN\LOGIN.csproj", "{5F863FF8-50D3-4029-B47D-D646B1877ED4}"
EndProject
Global
	GlobalSection(SolutionConfigurationPlatforms) = preSolution
		Debug|Any CPU = Debug|Any CPU
		Release|Any CPU = Release|Any CPU
	EndGlobalSection
	GlobalSection(ProjectConfigurationPlatforms) = postSolution
		{5F863FF8-50D3-4029-B47D-D646B1877ED4}.Debug|Any CPU.ActiveCfg = Debug|Any CPU
		{5F863FF8-50D3-4029-B47D-D646B1877ED4}.Debug|Any CPU.Build.0 = Debug|Any CPU
		{5F863FF8-50D3-4029-B47D-D646B1877ED4}.Release|Any CPU.ActiveCfg = Release|Any CPU
		{5F863FF8-50D3-4029-B47D-D646B1877ED4}.Release|Any CPU.Build.0 = Release|Any CPU
	EndGlobalSection
	GlobalSection(SolutionProperties) = preSolution
		HideSolutionNode = FALSE
	EndGlobalSection
	GlobalSection(ExtensibilityGlobals) = postSolution
		SolutionGuid = {92278B60-6943-4634-92CE-731FD0D49B15}
	EndGlobalSection
EndGlobal
